// !$*UTF8*$!
{
	archiveVersion = 1;
	classes = {
	};
	objectVersion = 46;
	objects = {

/* Begin PBXBuildFile section */
		6346D8341AB51B7900E1530E /* CocoaOSC-Info.plist in Resources */ = {isa = PBXBuildFile; fileRef = 6346D8251AB51B7900E1530E /* CocoaOSC-Info.plist */; };
		6346D8351AB51B7900E1530E /* InfoPlist.strings in Resources */ = {isa = PBXBuildFile; fileRef = 6346D8281AB51B7900E1530E /* InfoPlist.strings */; };
		6346D8361AB51B7900E1530E /* NS+OSCAdditions.m in Sources */ = {isa = PBXBuildFile; fileRef = 6346D82B1AB51B7900E1530E /* NS+OSCAdditions.m */; };
		6346D8371AB51B7900E1530E /* OSCConnection.m in Sources */ = {isa = PBXBuildFile; fileRef = 6346D82D1AB51B7900E1530E /* OSCConnection.m */; };
		6346D8381AB51B7900E1530E /* OSCDispatcher.m in Sources */ = {isa = PBXBuildFile; fileRef = 6346D8301AB51B7900E1530E /* OSCDispatcher.m */; };
		6346D8391AB51B7900E1530E /* OSCPacket.m in Sources */ = {isa = PBXBuildFile; fileRef = 6346D8321AB51B7900E1530E /* OSCPacket.m */; };
		6346D83F1AB51BA600E1530E /* AsyncSocket.m in Sources */ = {isa = PBXBuildFile; fileRef = 6346D83C1AB51BA600E1530E /* AsyncSocket.m */; };
		6346D8401AB51BA600E1530E /* AsyncUdpSocket.m in Sources */ = {isa = PBXBuildFile; fileRef = 6346D83E1AB51BA600E1530E /* AsyncUdpSocket.m */; };
		6346D8461AB51BAF00E1530E /* GCDAsyncSocket.m in Sources */ = {isa = PBXBuildFile; fileRef = 6346D8431AB51BAF00E1530E /* GCDAsyncSocket.m */; };
		6346D8471AB51BAF00E1530E /* GCDAsyncUdpSocket.m in Sources */ = {isa = PBXBuildFile; fileRef = 6346D8451AB51BAF00E1530E /* GCDAsyncUdpSocket.m */; };
		6346D8501AB5338F00E1530E /* Sensors.mm in Sources */ = {isa = PBXBuildFile; fileRef = 6346D84F1AB5338E00E1530E /* Sensors.mm */; };
		6346D8521AB53A0D00E1530E /* CoreAudio.framework in Frameworks */ = {isa = PBXBuildFile; fileRef = 6346D8511AB53A0D00E1530E /* CoreAudio.framework */; };
		6346D8541AB53A1500E1530E /* CoreMotion.framework in Frameworks */ = {isa = PBXBuildFile; fileRef = 6346D8531AB53A1500E1530E /* CoreMotion.framework */; };
		6346D8561AB53A3A00E1530E /* AudioToolbox.framework in Frameworks */ = {isa = PBXBuildFile; fileRef = 6346D8551AB53A3A00E1530E /* AudioToolbox.framework */; };
		6346D8581AB53A4C00E1530E /* AVFoundation.framework in Frameworks */ = {isa = PBXBuildFile; fileRef = 6346D8571AB53A4C00E1530E /* AVFoundation.framework */; };
		635F19AA1ABE3CAB00FCF5AA /* JSON.JSON in Resources */ = {isa = PBXBuildFile; fileRef = 635F19A91ABE3CAB00FCF5AA /* JSON.JSON */; };
		635F19AC1ABE5B5800FCF5AA /* test.JSON in Resources */ = {isa = PBXBuildFile; fileRef = 635F19AB1ABE5B5800FCF5AA /* test.JSON */; };
		63A501941AAD5BEA009BD989 /* main.m in Sources */ = {isa = PBXBuildFile; fileRef = 63A501931AAD5BEA009BD989 /* main.m */; };
		63A501971AAD5BEA009BD989 /* AppDelegate.m in Sources */ = {isa = PBXBuildFile; fileRef = 63A501961AAD5BEA009BD989 /* AppDelegate.m */; };
		63A5019A1AAD5BEA009BD989 /* ViewController.m in Sources */ = {isa = PBXBuildFile; fileRef = 63A501991AAD5BEA009BD989 /* ViewController.m */; };
		63A5019D1AAD5BEA009BD989 /* Main.storyboard in Resources */ = {isa = PBXBuildFile; fileRef = 63A5019B1AAD5BEA009BD989 /* Main.storyboard */; };
		63A5019F1AAD5BEA009BD989 /* Images.xcassets in Resources */ = {isa = PBXBuildFile; fileRef = 63A5019E1AAD5BEA009BD989 /* Images.xcassets */; };
		63A501A21AAD5BEA009BD989 /* LaunchScreen.xib in Resources */ = {isa = PBXBuildFile; fileRef = 63A501A01AAD5BEA009BD989 /* LaunchScreen.xib */; };
		63A501AE1AAD5BEA009BD989 /* RIMETests.m in Sources */ = {isa = PBXBuildFile; fileRef = 63A501AD1AAD5BEA009BD989 /* RIMETests.m */; };
		63A501BC1AAD65DB009BD989 /* ConnectViewController.m in Sources */ = {isa = PBXBuildFile; fileRef = 63A501BB1AAD65DB009BD989 /* ConnectViewController.m */; };
/* End PBXBuildFile section */

/* Begin PBXContainerItemProxy section */
		63A501A81AAD5BEA009BD989 /* PBXContainerItemProxy */ = {
			isa = PBXContainerItemProxy;
			containerPortal = 63A501861AAD5BEA009BD989 /* Project object */;
			proxyType = 1;
			remoteGlobalIDString = 63A5018D1AAD5BEA009BD989;
			remoteInfo = RIME;
		};
/* End PBXContainerItemProxy section */

/* Begin PBXFileReference section */
		6346D8251AB51B7900E1530E /* CocoaOSC-Info.plist */ = {isa = PBXFileReference; fileEncoding = 4; lastKnownFileType = text.plist.xml; path = "CocoaOSC-Info.plist"; sourceTree = "<group>"; };
		6346D8261AB51B7900E1530E /* CocoaOSC-Prefix.pch */ = {isa = PBXFileReference; fileEncoding = 4; lastKnownFileType = sourcecode.c.h; path = "CocoaOSC-Prefix.pch"; sourceTree = "<group>"; };
		6346D8271AB51B7900E1530E /* CocoaOSC.h */ = {isa = PBXFileReference; fileEncoding = 4; lastKnownFileType = sourcecode.c.h; path = CocoaOSC.h; sourceTree = "<group>"; };
		6346D8291AB51B7900E1530E /* en */ = {isa = PBXFileReference; lastKnownFileType = text.plist.strings; name = en; path = en.lproj/InfoPlist.strings; sourceTree = "<group>"; };
		6346D82A1AB51B7900E1530E /* NS+OSCAdditions.h */ = {isa = PBXFileReference; fileEncoding = 4; lastKnownFileType = sourcecode.c.h; path = "NS+OSCAdditions.h"; sourceTree = "<group>"; };
		6346D82B1AB51B7900E1530E /* NS+OSCAdditions.m */ = {isa = PBXFileReference; fileEncoding = 4; lastKnownFileType = sourcecode.c.objc; path = "NS+OSCAdditions.m"; sourceTree = "<group>"; };
		6346D82C1AB51B7900E1530E /* OSCConnection.h */ = {isa = PBXFileReference; fileEncoding = 4; lastKnownFileType = sourcecode.c.h; path = OSCConnection.h; sourceTree = "<group>"; };
		6346D82D1AB51B7900E1530E /* OSCConnection.m */ = {isa = PBXFileReference; fileEncoding = 4; lastKnownFileType = sourcecode.c.objc; path = OSCConnection.m; sourceTree = "<group>"; };
		6346D82E1AB51B7900E1530E /* OSCConnectionDelegate.h */ = {isa = PBXFileReference; fileEncoding = 4; lastKnownFileType = sourcecode.c.h; path = OSCConnectionDelegate.h; sourceTree = "<group>"; };
		6346D82F1AB51B7900E1530E /* OSCDispatcher.h */ = {isa = PBXFileReference; fileEncoding = 4; lastKnownFileType = sourcecode.c.h; path = OSCDispatcher.h; sourceTree = "<group>"; };
		6346D8301AB51B7900E1530E /* OSCDispatcher.m */ = {isa = PBXFileReference; fileEncoding = 4; lastKnownFileType = sourcecode.c.objc; path = OSCDispatcher.m; sourceTree = "<group>"; };
		6346D8311AB51B7900E1530E /* OSCPacket.h */ = {isa = PBXFileReference; fileEncoding = 4; lastKnownFileType = sourcecode.c.h; path = OSCPacket.h; sourceTree = "<group>"; };
		6346D8321AB51B7900E1530E /* OSCPacket.m */ = {isa = PBXFileReference; fileEncoding = 4; lastKnownFileType = sourcecode.c.objc; path = OSCPacket.m; sourceTree = "<group>"; };
		6346D8331AB51B7900E1530E /* RegexKitLite.h */ = {isa = PBXFileReference; fileEncoding = 4; lastKnownFileType = sourcecode.c.h; path = RegexKitLite.h; sourceTree = "<group>"; };
		6346D83B1AB51BA600E1530E /* AsyncSocket.h */ = {isa = PBXFileReference; fileEncoding = 4; lastKnownFileType = sourcecode.c.h; path = AsyncSocket.h; sourceTree = "<group>"; };
		6346D83C1AB51BA600E1530E /* AsyncSocket.m */ = {isa = PBXFileReference; fileEncoding = 4; lastKnownFileType = sourcecode.c.objc; path = AsyncSocket.m; sourceTree = "<group>"; };
		6346D83D1AB51BA600E1530E /* AsyncUdpSocket.h */ = {isa = PBXFileReference; fileEncoding = 4; lastKnownFileType = sourcecode.c.h; path = AsyncUdpSocket.h; sourceTree = "<group>"; };
		6346D83E1AB51BA600E1530E /* AsyncUdpSocket.m */ = {isa = PBXFileReference; fileEncoding = 4; lastKnownFileType = sourcecode.c.objc; path = AsyncUdpSocket.m; sourceTree = "<group>"; };
		6346D8421AB51BAF00E1530E /* GCDAsyncSocket.h */ = {isa = PBXFileReference; fileEncoding = 4; lastKnownFileType = sourcecode.c.h; path = GCDAsyncSocket.h; sourceTree = "<group>"; };
		6346D8431AB51BAF00E1530E /* GCDAsyncSocket.m */ = {isa = PBXFileReference; fileEncoding = 4; lastKnownFileType = sourcecode.c.objc; path = GCDAsyncSocket.m; sourceTree = "<group>"; };
		6346D8441AB51BAF00E1530E /* GCDAsyncUdpSocket.h */ = {isa = PBXFileReference; fileEncoding = 4; lastKnownFileType = sourcecode.c.h; path = GCDAsyncUdpSocket.h; sourceTree = "<group>"; };
		6346D8451AB51BAF00E1530E /* GCDAsyncUdpSocket.m */ = {isa = PBXFileReference; fileEncoding = 4; lastKnownFileType = sourcecode.c.objc; path = GCDAsyncUdpSocket.m; sourceTree = "<group>"; };
		6346D8491AB5272000E1530E /* AsyncSocket.h */ = {isa = PBXFileReference; lastKnownFileType = sourcecode.c.h; path = AsyncSocket.h; sourceTree = "<group>"; };
		6346D84A1AB5272000E1530E /* AsyncSocket.m */ = {isa = PBXFileReference; lastKnownFileType = sourcecode.c.objc; path = AsyncSocket.m; sourceTree = "<group>"; };
		6346D84B1AB5272000E1530E /* AsyncUdpSocket.h */ = {isa = PBXFileReference; lastKnownFileType = sourcecode.c.h; path = AsyncUdpSocket.h; sourceTree = "<group>"; };
		6346D84C1AB5272000E1530E /* AsyncUdpSocket.m */ = {isa = PBXFileReference; lastKnownFileType = sourcecode.c.objc; path = AsyncUdpSocket.m; sourceTree = "<group>"; };
		6346D84D1AB527E700E1530E /* CoreDataHelper.h */ = {isa = PBXFileReference; fileEncoding = 4; lastKnownFileType = sourcecode.c.h; path = CoreDataHelper.h; sourceTree = "<group>"; };
		6346D84E1AB5338E00E1530E /* Sensors.h */ = {isa = PBXFileReference; fileEncoding = 4; lastKnownFileType = sourcecode.c.h; path = Sensors.h; sourceTree = "<group>"; };
		6346D84F1AB5338E00E1530E /* Sensors.mm */ = {isa = PBXFileReference; fileEncoding = 4; lastKnownFileType = sourcecode.cpp.objcpp; path = Sensors.mm; sourceTree = "<group>"; };
		6346D8511AB53A0D00E1530E /* CoreAudio.framework */ = {isa = PBXFileReference; lastKnownFileType = wrapper.framework; name = CoreAudio.framework; path = System/Library/Frameworks/CoreAudio.framework; sourceTree = SDKROOT; };
		6346D8531AB53A1500E1530E /* CoreMotion.framework */ = {isa = PBXFileReference; lastKnownFileType = wrapper.framework; name = CoreMotion.framework; path = System/Library/Frameworks/CoreMotion.framework; sourceTree = SDKROOT; };
		6346D8551AB53A3A00E1530E /* AudioToolbox.framework */ = {isa = PBXFileReference; lastKnownFileType = wrapper.framework; name = AudioToolbox.framework; path = System/Library/Frameworks/AudioToolbox.framework; sourceTree = SDKROOT; };
		6346D8571AB53A4C00E1530E /* AVFoundation.framework */ = {isa = PBXFileReference; lastKnownFileType = wrapper.framework; name = AVFoundation.framework; path = System/Library/Frameworks/AVFoundation.framework; sourceTree = SDKROOT; };
		635F19A91ABE3CAB00FCF5AA /* JSON.JSON */ = {isa = PBXFileReference; fileEncoding = 4; lastKnownFileType = text.json; path = JSON.JSON; sourceTree = "<group>"; };
		635F19AB1ABE5B5800FCF5AA /* test.JSON */ = {isa = PBXFileReference; fileEncoding = 4; lastKnownFileType = text.json; path = test.JSON; sourceTree = "<group>"; };
		63A5018E1AAD5BEA009BD989 /* RIME.app */ = {isa = PBXFileReference; explicitFileType = wrapper.application; includeInIndex = 0; path = RIME.app; sourceTree = BUILT_PRODUCTS_DIR; };
		63A501921AAD5BEA009BD989 /* Info.plist */ = {isa = PBXFileReference; lastKnownFileType = text.plist.xml; path = Info.plist; sourceTree = "<group>"; };
		63A501931AAD5BEA009BD989 /* main.m */ = {isa = PBXFileReference; lastKnownFileType = sourcecode.c.objc; path = main.m; sourceTree = "<group>"; };
		63A501951AAD5BEA009BD989 /* AppDelegate.h */ = {isa = PBXFileReference; lastKnownFileType = sourcecode.c.h; path = AppDelegate.h; sourceTree = "<group>"; };
		63A501961AAD5BEA009BD989 /* AppDelegate.m */ = {isa = PBXFileReference; lastKnownFileType = sourcecode.c.objc; path = AppDelegate.m; sourceTree = "<group>"; };
		63A501981AAD5BEA009BD989 /* ViewController.h */ = {isa = PBXFileReference; lastKnownFileType = sourcecode.c.h; path = ViewController.h; sourceTree = "<group>"; };
		63A501991AAD5BEA009BD989 /* ViewController.m */ = {isa = PBXFileReference; lastKnownFileType = sourcecode.c.objc; path = ViewController.m; sourceTree = "<group>"; };
		63A5019C1AAD5BEA009BD989 /* Base */ = {isa = PBXFileReference; lastKnownFileType = file.storyboard; name = Base; path = Base.lproj/Main.storyboard; sourceTree = "<group>"; };
		63A5019E1AAD5BEA009BD989 /* Images.xcassets */ = {isa = PBXFileReference; lastKnownFileType = folder.assetcatalog; path = Images.xcassets; sourceTree = "<group>"; };
		63A501A11AAD5BEA009BD989 /* Base */ = {isa = PBXFileReference; lastKnownFileType = file.xib; name = Base; path = Base.lproj/LaunchScreen.xib; sourceTree = "<group>"; };
		63A501A71AAD5BEA009BD989 /* RIMETests.xctest */ = {isa = PBXFileReference; explicitFileType = wrapper.cfbundle; includeInIndex = 0; path = RIMETests.xctest; sourceTree = BUILT_PRODUCTS_DIR; };
		63A501AC1AAD5BEA009BD989 /* Info.plist */ = {isa = PBXFileReference; lastKnownFileType = text.plist.xml; path = Info.plist; sourceTree = "<group>"; };
		63A501AD1AAD5BEA009BD989 /* RIMETests.m */ = {isa = PBXFileReference; lastKnownFileType = sourcecode.c.objc; path = RIMETests.m; sourceTree = "<group>"; };
		63A501BA1AAD65DB009BD989 /* ConnectViewController.h */ = {isa = PBXFileReference; fileEncoding = 4; lastKnownFileType = sourcecode.c.h; path = ConnectViewController.h; sourceTree = "<group>"; };
		63A501BB1AAD65DB009BD989 /* ConnectViewController.m */ = {isa = PBXFileReference; fileEncoding = 4; lastKnownFileType = sourcecode.c.objc; path = ConnectViewController.m; sourceTree = "<group>"; };
/* End PBXFileReference section */

/* Begin PBXFrameworksBuildPhase section */
		63A5018B1AAD5BEA009BD989 /* Frameworks */ = {
			isa = PBXFrameworksBuildPhase;
			buildActionMask = 2147483647;
			files = (
				6346D8581AB53A4C00E1530E /* AVFoundation.framework in Frameworks */,
				6346D8561AB53A3A00E1530E /* AudioToolbox.framework in Frameworks */,
				6346D8541AB53A1500E1530E /* CoreMotion.framework in Frameworks */,
				6346D8521AB53A0D00E1530E /* CoreAudio.framework in Frameworks */,
			);
			runOnlyForDeploymentPostprocessing = 0;
		};
		63A501A41AAD5BEA009BD989 /* Frameworks */ = {
			isa = PBXFrameworksBuildPhase;
			buildActionMask = 2147483647;
			files = (
			);
			runOnlyForDeploymentPostprocessing = 0;
		};
/* End PBXFrameworksBuildPhase section */

/* Begin PBXGroup section */
		6346D8241AB51B7800E1530E /* CocoaOSC */ = {
			isa = PBXGroup;
			children = (
				6346D8251AB51B7900E1530E /* CocoaOSC-Info.plist */,
				6346D8261AB51B7900E1530E /* CocoaOSC-Prefix.pch */,
				6346D8271AB51B7900E1530E /* CocoaOSC.h */,
				6346D8281AB51B7900E1530E /* InfoPlist.strings */,
				6346D82A1AB51B7900E1530E /* NS+OSCAdditions.h */,
				6346D82B1AB51B7900E1530E /* NS+OSCAdditions.m */,
				6346D82C1AB51B7900E1530E /* OSCConnection.h */,
				6346D82D1AB51B7900E1530E /* OSCConnection.m */,
				6346D82E1AB51B7900E1530E /* OSCConnectionDelegate.h */,
				6346D82F1AB51B7900E1530E /* OSCDispatcher.h */,
				6346D8301AB51B7900E1530E /* OSCDispatcher.m */,
				6346D8311AB51B7900E1530E /* OSCPacket.h */,
				6346D8321AB51B7900E1530E /* OSCPacket.m */,
				6346D8331AB51B7900E1530E /* RegexKitLite.h */,
			);
			path = CocoaOSC;
			sourceTree = "<group>";
		};
		6346D83A1AB51BA600E1530E /* AsyncSocket */ = {
			isa = PBXGroup;
			children = (
				6346D83B1AB51BA600E1530E /* AsyncSocket.h */,
				6346D83C1AB51BA600E1530E /* AsyncSocket.m */,
				6346D83D1AB51BA600E1530E /* AsyncUdpSocket.h */,
				6346D83E1AB51BA600E1530E /* AsyncUdpSocket.m */,
			);
			path = AsyncSocket;
			sourceTree = "<group>";
		};
		6346D8411AB51BAF00E1530E /* GCDAsync */ = {
			isa = PBXGroup;
			children = (
				6346D8421AB51BAF00E1530E /* GCDAsyncSocket.h */,
				6346D8431AB51BAF00E1530E /* GCDAsyncSocket.m */,
				6346D8441AB51BAF00E1530E /* GCDAsyncUdpSocket.h */,
				6346D8451AB51BAF00E1530E /* GCDAsyncUdpSocket.m */,
			);
			path = GCDAsync;
			sourceTree = "<group>";
		};
		6346D8481AB5272000E1530E /* AsyncSocket */ = {
			isa = PBXGroup;
			children = (
				6346D8491AB5272000E1530E /* AsyncSocket.h */,
				6346D84A1AB5272000E1530E /* AsyncSocket.m */,
				6346D84B1AB5272000E1530E /* AsyncUdpSocket.h */,
				6346D84C1AB5272000E1530E /* AsyncUdpSocket.m */,
			);
			name = AsyncSocket;
			path = RIME/AsyncSocket;
			sourceTree = "<group>";
		};
		63A501851AAD5BEA009BD989 = {
			isa = PBXGroup;
			children = (
				6346D8571AB53A4C00E1530E /* AVFoundation.framework */,
				6346D8551AB53A3A00E1530E /* AudioToolbox.framework */,
				6346D8531AB53A1500E1530E /* CoreMotion.framework */,
				6346D8511AB53A0D00E1530E /* CoreAudio.framework */,
				6346D8481AB5272000E1530E /* AsyncSocket */,
				63A501901AAD5BEA009BD989 /* RIME */,
				63A501AA1AAD5BEA009BD989 /* RIMETests */,
				63A5018F1AAD5BEA009BD989 /* Products */,
			);
			sourceTree = "<group>";
		};
		63A5018F1AAD5BEA009BD989 /* Products */ = {
			isa = PBXGroup;
			children = (
				63A5018E1AAD5BEA009BD989 /* RIME.app */,
				63A501A71AAD5BEA009BD989 /* RIMETests.xctest */,
			);
			name = Products;
			sourceTree = "<group>";
		};
		63A501901AAD5BEA009BD989 /* RIME */ = {
			isa = PBXGroup;
			children = (
				6346D8411AB51BAF00E1530E /* GCDAsync */,
				6346D83A1AB51BA600E1530E /* AsyncSocket */,
				6346D8241AB51B7800E1530E /* CocoaOSC */,
				63A501951AAD5BEA009BD989 /* AppDelegate.h */,
				63A501961AAD5BEA009BD989 /* AppDelegate.m */,
				6346D84D1AB527E700E1530E /* CoreDataHelper.h */,
				63A501BA1AAD65DB009BD989 /* ConnectViewController.h */,
				63A501BB1AAD65DB009BD989 /* ConnectViewController.m */,
				63A501981AAD5BEA009BD989 /* ViewController.h */,
				63A501991AAD5BEA009BD989 /* ViewController.m */,
				6346D84E1AB5338E00E1530E /* Sensors.h */,
				6346D84F1AB5338E00E1530E /* Sensors.mm */,
				63A5019B1AAD5BEA009BD989 /* Main.storyboard */,
				63A5019E1AAD5BEA009BD989 /* Images.xcassets */,
				63A501A01AAD5BEA009BD989 /* LaunchScreen.xib */,
				63A501911AAD5BEA009BD989 /* Supporting Files */,
			);
			path = RIME;
			sourceTree = "<group>";
		};
		63A501911AAD5BEA009BD989 /* Supporting Files */ = {
			isa = PBXGroup;
			children = (
				635F19A91ABE3CAB00FCF5AA /* JSON.JSON */,
				635F19AB1ABE5B5800FCF5AA /* test.JSON */,
				63A501921AAD5BEA009BD989 /* Info.plist */,
				63A501931AAD5BEA009BD989 /* main.m */,
			);
			name = "Supporting Files";
			sourceTree = "<group>";
		};
		63A501AA1AAD5BEA009BD989 /* RIMETests */ = {
			isa = PBXGroup;
			children = (
				63A501AD1AAD5BEA009BD989 /* RIMETests.m */,
				63A501AB1AAD5BEA009BD989 /* Supporting Files */,
			);
			path = RIMETests;
			sourceTree = "<group>";
		};
		63A501AB1AAD5BEA009BD989 /* Supporting Files */ = {
			isa = PBXGroup;
			children = (
				63A501AC1AAD5BEA009BD989 /* Info.plist */,
			);
			name = "Supporting Files";
			sourceTree = "<group>";
		};
/* End PBXGroup section */

/* Begin PBXNativeTarget section */
		63A5018D1AAD5BEA009BD989 /* RIME */ = {
			isa = PBXNativeTarget;
			buildConfigurationList = 63A501B11AAD5BEA009BD989 /* Build configuration list for PBXNativeTarget "RIME" */;
			buildPhases = (
				63A5018A1AAD5BEA009BD989 /* Sources */,
				63A5018B1AAD5BEA009BD989 /* Frameworks */,
				63A5018C1AAD5BEA009BD989 /* Resources */,
			);
			buildRules = (
			);
			dependencies = (
			);
			name = RIME;
			productName = RIME;
			productReference = 63A5018E1AAD5BEA009BD989 /* RIME.app */;
			productType = "com.apple.product-type.application";
		};
		63A501A61AAD5BEA009BD989 /* RIMETests */ = {
			isa = PBXNativeTarget;
			buildConfigurationList = 63A501B41AAD5BEA009BD989 /* Build configuration list for PBXNativeTarget "RIMETests" */;
			buildPhases = (
				63A501A31AAD5BEA009BD989 /* Sources */,
				63A501A41AAD5BEA009BD989 /* Frameworks */,
				63A501A51AAD5BEA009BD989 /* Resources */,
			);
			buildRules = (
			);
			dependencies = (
				63A501A91AAD5BEA009BD989 /* PBXTargetDependency */,
			);
			name = RIMETests;
			productName = RIMETests;
			productReference = 63A501A71AAD5BEA009BD989 /* RIMETests.xctest */;
			productType = "com.apple.product-type.bundle.unit-test";
		};
/* End PBXNativeTarget section */

/* Begin PBXProject section */
		63A501861AAD5BEA009BD989 /* Project object */ = {
			isa = PBXProject;
			attributes = {
				LastUpgradeCheck = 0610;
				ORGANIZATIONNAME = David;
				TargetAttributes = {
					63A5018D1AAD5BEA009BD989 = {
						CreatedOnToolsVersion = 6.1.1;
					};
					63A501A61AAD5BEA009BD989 = {
						CreatedOnToolsVersion = 6.1.1;
						TestTargetID = 63A5018D1AAD5BEA009BD989;
					};
				};
			};
			buildConfigurationList = 63A501891AAD5BEA009BD989 /* Build configuration list for PBXProject "RIME" */;
			compatibilityVersion = "Xcode 3.2";
			developmentRegion = English;
			hasScannedForEncodings = 0;
			knownRegions = (
				en,
				Base,
			);
			mainGroup = 63A501851AAD5BEA009BD989;
			productRefGroup = 63A5018F1AAD5BEA009BD989 /* Products */;
			projectDirPath = "";
			projectRoot = "";
			targets = (
				63A5018D1AAD5BEA009BD989 /* RIME */,
				63A501A61AAD5BEA009BD989 /* RIMETests */,
			);
		};
/* End PBXProject section */

/* Begin PBXResourcesBuildPhase section */
		63A5018C1AAD5BEA009BD989 /* Resources */ = {
			isa = PBXResourcesBuildPhase;
			buildActionMask = 2147483647;
			files = (
				6346D8351AB51B7900E1530E /* InfoPlist.strings in Resources */,
				6346D8341AB51B7900E1530E /* CocoaOSC-Info.plist in Resources */,
				63A5019D1AAD5BEA009BD989 /* Main.storyboard in Resources */,
				635F19AC1ABE5B5800FCF5AA /* test.JSON in Resources */,
				63A501A21AAD5BEA009BD989 /* LaunchScreen.xib in Resources */,
				63A5019F1AAD5BEA009BD989 /* Images.xcassets in Resources */,
				635F19AA1ABE3CAB00FCF5AA /* JSON.JSON in Resources */,
			);
			runOnlyForDeploymentPostprocessing = 0;
		};
		63A501A51AAD5BEA009BD989 /* Resources */ = {
			isa = PBXResourcesBuildPhase;
			buildActionMask = 2147483647;
			files = (
			);
			runOnlyForDeploymentPostprocessing = 0;
		};
/* End PBXResourcesBuildPhase section */

/* Begin PBXSourcesBuildPhase section */
		63A5018A1AAD5BEA009BD989 /* Sources */ = {
			isa = PBXSourcesBuildPhase;
			buildActionMask = 2147483647;
			files = (
				63A501BC1AAD65DB009BD989 /* ConnectViewController.m in Sources */,
				6346D8401AB51BA600E1530E /* AsyncUdpSocket.m in Sources */,
				6346D8371AB51B7900E1530E /* OSCConnection.m in Sources */,
				63A5019A1AAD5BEA009BD989 /* ViewController.m in Sources */,
				6346D8501AB5338F00E1530E /* Sensors.mm in Sources */,
				6346D8471AB51BAF00E1530E /* GCDAsyncUdpSocket.m in Sources */,
				6346D83F1AB51BA600E1530E /* AsyncSocket.m in Sources */,
				6346D8391AB51B7900E1530E /* OSCPacket.m in Sources */,
				6346D8381AB51B7900E1530E /* OSCDispatcher.m in Sources */,
				6346D8361AB51B7900E1530E /* NS+OSCAdditions.m in Sources */,
				63A501971AAD5BEA009BD989 /* AppDelegate.m in Sources */,
				6346D8461AB51BAF00E1530E /* GCDAsyncSocket.m in Sources */,
				63A501941AAD5BEA009BD989 /* main.m in Sources */,
			);
			runOnlyForDeploymentPostprocessing = 0;
		};
		63A501A31AAD5BEA009BD989 /* Sources */ = {
			isa = PBXSourcesBuildPhase;
			buildActionMask = 2147483647;
			files = (
				63A501AE1AAD5BEA009BD989 /* RIMETests.m in Sources */,
			);
			runOnlyForDeploymentPostprocessing = 0;
		};
/* End PBXSourcesBuildPhase section */

/* Begin PBXTargetDependency section */
		63A501A91AAD5BEA009BD989 /* PBXTargetDependency */ = {
			isa = PBXTargetDependency;
			target = 63A5018D1AAD5BEA009BD989 /* RIME */;
			targetProxy = 63A501A81AAD5BEA009BD989 /* PBXContainerItemProxy */;
		};
/* End PBXTargetDependency section */

/* Begin PBXVariantGroup section */
		6346D8281AB51B7900E1530E /* InfoPlist.strings */ = {
			isa = PBXVariantGroup;
			children = (
				6346D8291AB51B7900E1530E /* en */,
			);
			name = InfoPlist.strings;
			sourceTree = "<group>";
		};
		63A5019B1AAD5BEA009BD989 /* Main.storyboard */ = {
			isa = PBXVariantGroup;
			children = (
				63A5019C1AAD5BEA009BD989 /* Base */,
			);
			name = Main.storyboard;
			sourceTree = "<group>";
		};
		63A501A01AAD5BEA009BD989 /* LaunchScreen.xib */ = {
			isa = PBXVariantGroup;
			children = (
				63A501A11AAD5BEA009BD989 /* Base */,
			);
			name = LaunchScreen.xib;
			sourceTree = "<group>";
		};
/* End PBXVariantGroup section */

/* Begin XCBuildConfiguration section */
		63A501AF1AAD5BEA009BD989 /* Debug */ = {
			isa = XCBuildConfiguration;
			buildSettings = {
				ALWAYS_SEARCH_USER_PATHS = NO;
				CLANG_CXX_LANGUAGE_STANDARD = "gnu++0x";
				CLANG_CXX_LIBRARY = "libc++";
				CLANG_ENABLE_MODULES = YES;
				CLANG_ENABLE_OBJC_ARC = YES;
				CLANG_WARN_BOOL_CONVERSION = YES;
				CLANG_WARN_CONSTANT_CONVERSION = YES;
				CLANG_WARN_DIRECT_OBJC_ISA_USAGE = YES_ERROR;
				CLANG_WARN_EMPTY_BODY = YES;
				CLANG_WARN_ENUM_CONVERSION = YES;
				CLANG_WARN_INT_CONVERSION = YES;
				CLANG_WARN_OBJC_ROOT_CLASS = YES_ERROR;
				CLANG_WARN_UNREACHABLE_CODE = YES;
				CLANG_WARN__DUPLICATE_METHOD_MATCH = YES;
				"CODE_SIGN_IDENTITY[sdk=iphoneos*]" = "iPhone Developer";
				COPY_PHASE_STRIP = NO;
				ENABLE_STRICT_OBJC_MSGSEND = YES;
				GCC_C_LANGUAGE_STANDARD = gnu99;
				GCC_DYNAMIC_NO_PIC = NO;
				GCC_OPTIMIZATION_LEVEL = 0;
				GCC_PREPROCESSOR_DEFINITIONS = (
					"DEBUG=1",
					"$(inherited)",
				);
				GCC_SYMBOLS_PRIVATE_EXTERN = NO;
				GCC_WARN_64_TO_32_BIT_CONVERSION = YES;
				GCC_WARN_ABOUT_RETURN_TYPE = YES_ERROR;
				GCC_WARN_UNDECLARED_SELECTOR = YES;
				GCC_WARN_UNINITIALIZED_AUTOS = YES_AGGRESSIVE;
				GCC_WARN_UNUSED_FUNCTION = YES;
				GCC_WARN_UNUSED_VARIABLE = YES;
				IPHONEOS_DEPLOYMENT_TARGET = 8.1;
				MTL_ENABLE_DEBUG_INFO = YES;
				ONLY_ACTIVE_ARCH = YES;
				SDKROOT = iphoneos;
				TARGETED_DEVICE_FAMILY = "1,2";
			};
			name = Debug;
		};
		63A501B01AAD5BEA009BD989 /* Release */ = {
			isa = XCBuildConfiguration;
			buildSettings = {
				ALWAYS_SEARCH_USER_PATHS = NO;
				CLANG_CXX_LANGUAGE_STANDARD = "gnu++0x";
				CLANG_CXX_LIBRARY = "libc++";
				CLANG_ENABLE_MODULES = YES;
				CLANG_ENABLE_OBJC_ARC = YES;
				CLANG_WARN_BOOL_CONVERSION = YES;
				CLANG_WARN_CONSTANT_CONVERSION = YES;
				CLANG_WARN_DIRECT_OBJC_ISA_USAGE = YES_ERROR;
				CLANG_WARN_EMPTY_BODY = YES;
				CLANG_WARN_ENUM_CONVERSION = YES;
				CLANG_WARN_INT_CONVERSION = YES;
				CLANG_WARN_OBJC_ROOT_CLASS = YES_ERROR;
				CLANG_WARN_UNREACHABLE_CODE = YES;
				CLANG_WARN__DUPLICATE_METHOD_MATCH = YES;
				"CODE_SIGN_IDENTITY[sdk=iphoneos*]" = "iPhone Developer";
				COPY_PHASE_STRIP = YES;
				ENABLE_NS_ASSERTIONS = NO;
				ENABLE_STRICT_OBJC_MSGSEND = YES;
				GCC_C_LANGUAGE_STANDARD = gnu99;
				GCC_WARN_64_TO_32_BIT_CONVERSION = YES;
				GCC_WARN_ABOUT_RETURN_TYPE = YES_ERROR;
				GCC_WARN_UNDECLARED_SELECTOR = YES;
				GCC_WARN_UNINITIALIZED_AUTOS = YES_AGGRESSIVE;
				GCC_WARN_UNUSED_FUNCTION = YES;
				GCC_WARN_UNUSED_VARIABLE = YES;
				IPHONEOS_DEPLOYMENT_TARGET = 8.1;
				MTL_ENABLE_DEBUG_INFO = NO;
				SDKROOT = iphoneos;
				TARGETED_DEVICE_FAMILY = "1,2";
				VALIDATE_PRODUCT = YES;
			};
			name = Release;
		};
		63A501B21AAD5BEA009BD989 /* Debug */ = {
			isa = XCBuildConfiguration;
			buildSettings = {
				ASSETCATALOG_COMPILER_APPICON_NAME = AppIcon;
				ASSETCATALOG_COMPILER_LAUNCHIMAGE_NAME = LaunchImage;
				FRAMEWORK_SEARCH_PATHS = "";
				HEADER_SEARCH_PATHS = (
					"$(inherited)",
					/Applications/Xcode.app/Contents/Developer/Toolchains/XcodeDefault.xctoolchain/usr/include,
					"$(PROJECT_DIR)/**",
				);
				INFOPLIST_FILE = RIME/Info.plist;
				LD_RUNPATH_SEARCH_PATHS = "$(inherited) @executable_path/Frameworks";
				PRODUCT_NAME = "$(TARGET_NAME)";
			};
			name = Debug;
		};
		63A501B31AAD5BEA009BD989 /* Release */ = {
			isa = XCBuildConfiguration;
			buildSettings = {
				ASSETCATALOG_COMPILER_APPICON_NAME = AppIcon;
				ASSETCATALOG_COMPILER_LAUNCHIMAGE_NAME = LaunchImage;
				FRAMEWORK_SEARCH_PATHS = "";
				HEADER_SEARCH_PATHS = (
					"$(inherited)",
					/Applications/Xcode.app/Contents/Developer/Toolchains/XcodeDefault.xctoolchain/usr/include,
					"$(PROJECT_DIR)/**",
				);
				INFOPLIST_FILE = RIME/Info.plist;
				LD_RUNPATH_SEARCH_PATHS = "$(inherited) @executable_path/Frameworks";
				PRODUCT_NAME = "$(TARGET_NAME)";
			};
			name = Release;
		};
		63A501B51AAD5BEA009BD989 /* Debug */ = {
			isa = XCBuildConfiguration;
			buildSettings = {
				BUNDLE_LOADER = "$(TEST_HOST)";
				FRAMEWORK_SEARCH_PATHS = (
					"$(SDKROOT)/Developer/Library/Frameworks",
					"$(inherited)",
				);
				GCC_PREPROCESSOR_DEFINITIONS = (
					"DEBUG=1",
					"$(inherited)",
				);
				INFOPLIST_FILE = RIMETests/Info.plist;
				LD_RUNPATH_SEARCH_PATHS = "$(inherited) @executable_path/Frameworks @loader_path/Frameworks";
				PRODUCT_NAME = "$(TARGET_NAME)";
				TEST_HOST = "$(BUILT_PRODUCTS_DIR)/RIME.app/RIME";
			};
			name = Debug;
		};
		63A501B61AAD5BEA009BD989 /* Release */ = {
			isa = XCBuildConfiguration;
			buildSettings = {
				BUNDLE_LOADER = "$(TEST_HOST)";
				FRAMEWORK_SEARCH_PATHS = (
					"$(SDKROOT)/Developer/Library/Frameworks",
					"$(inherited)",
				);
				INFOPLIST_FILE = RIMETests/Info.plist;
				LD_RUNPATH_SEARCH_PATHS = "$(inherited) @executable_path/Frameworks @loader_path/Frameworks";
				PRODUCT_NAME = "$(TARGET_NAME)";
				TEST_HOST = "$(BUILT_PRODUCTS_DIR)/RIME.app/RIME";
			};
			name = Release;
		};
/* End XCBuildConfiguration section */

/* Begin XCConfigurationList section */
		63A501891AAD5BEA009BD989 /* Build configuration list for PBXProject "RIME" */ = {
			isa = XCConfigurationList;
			buildConfigurations = (
				63A501AF1AAD5BEA009BD989 /* Debug */,
				63A501B01AAD5BEA009BD989 /* Release */,
			);
			defaultConfigurationIsVisible = 0;
			defaultConfigurationName = Release;
		};
		63A501B11AAD5BEA009BD989 /* Build configuration list for PBXNativeTarget "RIME" */ = {
			isa = XCConfigurationList;
			buildConfigurations = (
				63A501B21AAD5BEA009BD989 /* Debug */,
				63A501B31AAD5BEA009BD989 /* Release */,
			);
			defaultConfigurationIsVisible = 0;
			defaultConfigurationName = Release;
		};
		63A501B41AAD5BEA009BD989 /* Build configuration list for PBXNativeTarget "RIMETests" */ = {
			isa = XCConfigurationList;
			buildConfigurations = (
				63A501B51AAD5BEA009BD989 /* Debug */,
				63A501B61AAD5BEA009BD989 /* Release */,
			);
			defaultConfigurationIsVisible = 0;
			defaultConfigurationName = Release;
		};
/* End XCConfigurationList section */
	};
	rootObject = 63A501861AAD5BEA009BD989 /* Project object */;
}
