// !$*UTF8*$!
{
	archiveVersion = 1;
	classes = {
	};
	objectVersion = 46;
	objects = {

/* Begin PBXBuildFile section */
		63A501941AAD5BEA009BD989 /* main.m in Sources */ = {isa = PBXBuildFile; fileRef = 63A501931AAD5BEA009BD989 /* main.m */; };
		63A501971AAD5BEA009BD989 /* AppDelegate.m in Sources */ = {isa = PBXBuildFile; fileRef = 63A501961AAD5BEA009BD989 /* AppDelegate.m */; };
		63A5019A1AAD5BEA009BD989 /* ViewController.m in Sources */ = {isa = PBXBuildFile; fileRef = 63A501991AAD5BEA009BD989 /* ViewController.m */; };
		63A5019D1AAD5BEA009BD989 /* Main.storyboard in Resources */ = {isa = PBXBuildFile; fileRef = 63A5019B1AAD5BEA009BD989 /* Main.storyboard */; };
		63A5019F1AAD5BEA009BD989 /* Images.xcassets in Resources */ = {isa = PBXBuildFile; fileRef = 63A5019E1AAD5BEA009BD989 /* Images.xcassets */; };
		63A501A21AAD5BEA009BD989 /* LaunchScreen.xib in Resources */ = {isa = PBXBuildFile; fileRef = 63A501A01AAD5BEA009BD989 /* LaunchScreen.xib */; };
		63A501AE1AAD5BEA009BD989 /* RIMETests.m in Sources */ = {isa = PBXBuildFile; fileRef = 63A501AD1AAD5BEA009BD989 /* RIMETests.m */; };
/* End PBXBuildFile section */

/* Begin PBXContainerItemProxy section */
		63A501A81AAD5BEA009BD989 /* PBXContainerItemProxy */ = {
			isa = PBXContainerItemProxy;
			containerPortal = 63A501861AAD5BEA009BD989 /* Project object */;
			proxyType = 1;
			remoteGlobalIDString = 63A5018D1AAD5BEA009BD989;
			remoteInfo = RIME;
		};
/* End PBXContainerItemProxy section */

/* Begin PBXFileReference section */
		63A5018E1AAD5BEA009BD989 /* RIME.app */ = {isa = PBXFileReference; explicitFileType = wrapper.application; includeInIndex = 0; path = RIME.app; sourceTree = BUILT_PRODUCTS_DIR; };
		63A501921AAD5BEA009BD989 /* Info.plist */ = {isa = PBXFileReference; lastKnownFileType = text.plist.xml; path = Info.plist; sourceTree = "<group>"; };
		63A501931AAD5BEA009BD989 /* main.m */ = {isa = PBXFileReference; lastKnownFileType = sourcecode.c.objc; path = main.m; sourceTree = "<group>"; };
		63A501951AAD5BEA009BD989 /* AppDelegate.h */ = {isa = PBXFileReference; lastKnownFileType = sourcecode.c.h; path = AppDelegate.h; sourceTree = "<group>"; };
		63A501961AAD5BEA009BD989 /* AppDelegate.m */ = {isa = PBXFileReference; lastKnownFileType = sourcecode.c.objc; path = AppDelegate.m; sourceTree = "<group>"; };
		63A501981AAD5BEA009BD989 /* ViewController.h */ = {isa = PBXFileReference; lastKnownFileType = sourcecode.c.h; path = ViewController.h; sourceTree = "<group>"; };
		63A501991AAD5BEA009BD989 /* ViewController.m */ = {isa = PBXFileReference; lastKnownFileType = sourcecode.c.objc; path = ViewController.m; sourceTree = "<group>"; };
		63A5019C1AAD5BEA009BD989 /* Base */ = {isa = PBXFileReference; lastKnownFileType = file.storyboard; name = Base; path = Base.lproj/Main.storyboard; sourceTree = "<group>"; };
		63A5019E1AAD5BEA009BD989 /* Images.xcassets */ = {isa = PBXFileReference; lastKnownFileType = folder.assetcatalog; path = Images.xcassets; sourceTree = "<group>"; };
		63A501A11AAD5BEA009BD989 /* Base */ = {isa = PBXFileReference; lastKnownFileType = file.xib; name = Base; path = Base.lproj/LaunchScreen.xib; sourceTree = "<group>"; };
		63A501A71AAD5BEA009BD989 /* RIMETests.xctest */ = {isa = PBXFileReference; explicitFileType = wrapper.cfbundle; includeInIndex = 0; path = RIMETests.xctest; sourceTree = BUILT_PRODUCTS_DIR; };
		63A501AC1AAD5BEA009BD989 /* Info.plist */ = {isa = PBXFileReference; lastKnownFileType = text.plist.xml; path = Info.plist; sourceTree = "<group>"; };
		63A501AD1AAD5BEA009BD989 /* RIMETests.m */ = {isa = PBXFileReference; lastKnownFileType = sourcecode.c.objc; path = RIMETests.m; sourceTree = "<group>"; };
/* End PBXFileReference section */

/* Begin PBXFrameworksBuildPhase section */
		63A5018B1AAD5BEA009BD989 /* Frameworks */ = {
			isa = PBXFrameworksBuildPhase;
			buildActionMask = 2147483647;
			files = (
			);
			runOnlyForDeploymentPostprocessing = 0;
		};
		63A501A41AAD5BEA009BD989 /* Frameworks */ = {
			isa = PBXFrameworksBuildPhase;
			buildActionMask = 2147483647;
			files = (
			);
			runOnlyForDeploymentPostprocessing = 0;
		};
/* End PBXFrameworksBuildPhase section */

/* Begin PBXGroup section */
		63A501851AAD5BEA009BD989 = {
			isa = PBXGroup;
			children = (
				63A501901AAD5BEA009BD989 /* RIME */,
				63A501AA1AAD5BEA009BD989 /* RIMETests */,
				63A5018F1AAD5BEA009BD989 /* Products */,
			);
			sourceTree = "<group>";
		};
		63A5018F1AAD5BEA009BD989 /* Products */ = {
			isa = PBXGroup;
			children = (
				63A5018E1AAD5BEA009BD989 /* RIME.app */,
				63A501A71AAD5BEA009BD989 /* RIMETests.xctest */,
			);
			name = Products;
			sourceTree = "<group>";
		};
		63A501901AAD5BEA009BD989 /* RIME */ = {
			isa = PBXGroup;
			children = (
				63A501951AAD5BEA009BD989 /* AppDelegate.h */,
				63A501961AAD5BEA009BD989 /* AppDelegate.m */,
				63A501981AAD5BEA009BD989 /* ViewController.h */,
				63A501991AAD5BEA009BD989 /* ViewController.m */,
				63A5019B1AAD5BEA009BD989 /* Main.storyboard */,
				63A5019E1AAD5BEA009BD989 /* Images.xcassets */,
				63A501A01AAD5BEA009BD989 /* LaunchScreen.xib */,
				63A501911AAD5BEA009BD989 /* Supporting Files */,
			);
			path = RIME;
			sourceTree = "<group>";
		};
		63A501911AAD5BEA009BD989 /* Supporting Files */ = {
			isa = PBXGroup;
			children = (
				63A501921AAD5BEA009BD989 /* Info.plist */,
				63A501931AAD5BEA009BD989 /* main.m */,
			);
			name = "Supporting Files";
			sourceTree = "<group>";
		};
		63A501AA1AAD5BEA009BD989 /* RIMETests */ = {
			isa = PBXGroup;
			children = (
				63A501AD1AAD5BEA009BD989 /* RIMETests.m */,
				63A501AB1AAD5BEA009BD989 /* Supporting Files */,
			);
			path = RIMETests;
			sourceTree = "<group>";
		};
		63A501AB1AAD5BEA009BD989 /* Supporting Files */ = {
			isa = PBXGroup;
			children = (
				63A501AC1AAD5BEA009BD989 /* Info.plist */,
			);
			name = "Supporting Files";
			sourceTree = "<group>";
		};
/* End PBXGroup section */

/* Begin PBXNativeTarget section */
		63A5018D1AAD5BEA009BD989 /* RIME */ = {
			isa = PBXNativeTarget;
			buildConfigurationList = 63A501B11AAD5BEA009BD989 /* Build configuration list for PBXNativeTarget "RIME" */;
			buildPhases = (
				63A5018A1AAD5BEA009BD989 /* Sources */,
				63A5018B1AAD5BEA009BD989 /* Frameworks */,
				63A5018C1AAD5BEA009BD989 /* Resources */,
			);
			buildRules = (
			);
			dependencies = (
			);
			name = RIME;
			productName = RIME;
			productReference = 63A5018E1AAD5BEA009BD989 /* RIME.app */;
			productType = "com.apple.product-type.application";
		};
		63A501A61AAD5BEA009BD989 /* RIMETests */ = {
			isa = PBXNativeTarget;
			buildConfigurationList = 63A501B41AAD5BEA009BD989 /* Build configuration list for PBXNativeTarget "RIMETests" */;
			buildPhases = (
				63A501A31AAD5BEA009BD989 /* Sources */,
				63A501A41AAD5BEA009BD989 /* Frameworks */,
				63A501A51AAD5BEA009BD989 /* Resources */,
			);
			buildRules = (
			);
			dependencies = (
				63A501A91AAD5BEA009BD989 /* PBXTargetDependency */,
			);
			name = RIMETests;
			productName = RIMETests;
			productReference = 63A501A71AAD5BEA009BD989 /* RIMETests.xctest */;
			productType = "com.apple.product-type.bundle.unit-test";
		};
/* End PBXNativeTarget section */

/* Begin PBXProject section */
		63A501861AAD5BEA009BD989 /* Project object */ = {
			isa = PBXProject;
			attributes = {
				LastUpgradeCheck = 0610;
				ORGANIZATIONNAME = David;
				TargetAttributes = {
					63A5018D1AAD5BEA009BD989 = {
						CreatedOnToolsVersion = 6.1.1;
					};
					63A501A61AAD5BEA009BD989 = {
						CreatedOnToolsVersion = 6.1.1;
						TestTargetID = 63A5018D1AAD5BEA009BD989;
					};
				};
			};
			buildConfigurationList = 63A501891AAD5BEA009BD989 /* Build configuration list for PBXProject "RIME" */;
			compatibilityVersion = "Xcode 3.2";
			developmentRegion = English;
			hasScannedForEncodings = 0;
			knownRegions = (
				en,
				Base,
			);
			mainGroup = 63A501851AAD5BEA009BD989;
			productRefGroup = 63A5018F1AAD5BEA009BD989 /* Products */;
			projectDirPath = "";
			projectRoot = "";
			targets = (
				63A5018D1AAD5BEA009BD989 /* RIME */,
				63A501A61AAD5BEA009BD989 /* RIMETests */,
			);
		};
/* End PBXProject section */

/* Begin PBXResourcesBuildPhase section */
		63A5018C1AAD5BEA009BD989 /* Resources */ = {
			isa = PBXResourcesBuildPhase;
			buildActionMask = 2147483647;
			files = (
				63A5019D1AAD5BEA009BD989 /* Main.storyboard in Resources */,
				63A501A21AAD5BEA009BD989 /* LaunchScreen.xib in Resources */,
				63A5019F1AAD5BEA009BD989 /* Images.xcassets in Resources */,
			);
			runOnlyForDeploymentPostprocessing = 0;
		};
		63A501A51AAD5BEA009BD989 /* Resources */ = {
			isa = PBXResourcesBuildPhase;
			buildActionMask = 2147483647;
			files = (
			);
			runOnlyForDeploymentPostprocessing = 0;
		};
/* End PBXResourcesBuildPhase section */

/* Begin PBXSourcesBuildPhase section */
		63A5018A1AAD5BEA009BD989 /* Sources */ = {
			isa = PBXSourcesBuildPhase;
			buildActionMask = 2147483647;
			files = (
				63A5019A1AAD5BEA009BD989 /* ViewController.m in Sources */,
				63A501971AAD5BEA009BD989 /* AppDelegate.m in Sources */,
				63A501941AAD5BEA009BD989 /* main.m in Sources */,
			);
			runOnlyForDeploymentPostprocessing = 0;
		};
		63A501A31AAD5BEA009BD989 /* Sources */ = {
			isa = PBXSourcesBuildPhase;
			buildActionMask = 2147483647;
			files = (
				63A501AE1AAD5BEA009BD989 /* RIMETests.m in Sources */,
			);
			runOnlyForDeploymentPostprocessing = 0;
		};
/* End PBXSourcesBuildPhase section */

/* Begin PBXTargetDependency section */
		63A501A91AAD5BEA009BD989 /* PBXTargetDependency */ = {
			isa = PBXTargetDependency;
			target = 63A5018D1AAD5BEA009BD989 /* RIME */;
			targetProxy = 63A501A81AAD5BEA009BD989 /* PBXContainerItemProxy */;
		};
/* End PBXTargetDependency section */

/* Begin PBXVariantGroup section */
		63A5019B1AAD5BEA009BD989 /* Main.storyboard */ = {
			isa = PBXVariantGroup;
			children = (
				63A5019C1AAD5BEA009BD989 /* Base */,
			);
			name = Main.storyboard;
			sourceTree = "<group>";
		};
		63A501A01AAD5BEA009BD989 /* LaunchScreen.xib */ = {
			isa = PBXVariantGroup;
			children = (
				63A501A11AAD5BEA009BD989 /* Base */,
			);
			name = LaunchScreen.xib;
			sourceTree = "<group>";
		};
/* End PBXVariantGroup section */

/* Begin XCBuildConfiguration section */
		63A501AF1AAD5BEA009BD989 /* Debug */ = {
			isa = XCBuildConfiguration;
			buildSettings = {
				ALWAYS_SEARCH_USER_PATHS = NO;
				CLANG_CXX_LANGUAGE_STANDARD = "gnu++0x";
				CLANG_CXX_LIBRARY = "libc++";
				CLANG_ENABLE_MODULES = YES;
				CLANG_ENABLE_OBJC_ARC = YES;
				CLANG_WARN_BOOL_CONVERSION = YES;
				CLANG_WARN_CONSTANT_CONVERSION = YES;
				CLANG_WARN_DIRECT_OBJC_ISA_USAGE = YES_ERROR;
				CLANG_WARN_EMPTY_BODY = YES;
				CLANG_WARN_ENUM_CONVERSION = YES;
				CLANG_WARN_INT_CONVERSION = YES;
				CLANG_WARN_OBJC_ROOT_CLASS = YES_ERROR;
				CLANG_WARN_UNREACHABLE_CODE = YES;
				CLANG_WARN__DUPLICATE_METHOD_MATCH = YES;
				"CODE_SIGN_IDENTITY[sdk=iphoneos*]" = "iPhone Developer";
				COPY_PHASE_STRIP = NO;
				ENABLE_STRICT_OBJC_MSGSEND = YES;
				GCC_C_LANGUAGE_STANDARD = gnu99;
				GCC_DYNAMIC_NO_PIC = NO;
				GCC_OPTIMIZATION_LEVEL = 0;
				GCC_PREPROCESSOR_DEFINITIONS = (
					"DEBUG=1",
					"$(inherited)",
				);
				GCC_SYMBOLS_PRIVATE_EXTERN = NO;
				GCC_WARN_64_TO_32_BIT_CONVERSION = YES;
				GCC_WARN_ABOUT_RETURN_TYPE = YES_ERROR;
				GCC_WARN_UNDECLARED_SELECTOR = YES;
				GCC_WARN_UNINITIALIZED_AUTOS = YES_AGGRESSIVE;
				GCC_WARN_UNUSED_FUNCTION = YES;
				GCC_WARN_UNUSED_VARIABLE = YES;
				IPHONEOS_DEPLOYMENT_TARGET = 8.1;
				MTL_ENABLE_DEBUG_INFO = YES;
				ONLY_ACTIVE_ARCH = YES;
				SDKROOT = iphoneos;
				TARGETED_DEVICE_FAMILY = "1,2";
			};
			name = Debug;
		};
		63A501B01AAD5BEA009BD989 /* Release */ = {
			isa = XCBuildConfiguration;
			buildSettings = {
				ALWAYS_SEARCH_USER_PATHS = NO;
				CLANG_CXX_LANGUAGE_STANDARD = "gnu++0x";
				CLANG_CXX_LIBRARY = "libc++";
				CLANG_ENABLE_MODULES = YES;
				CLANG_ENABLE_OBJC_ARC = YES;
				CLANG_WARN_BOOL_CONVERSION = YES;
				CLANG_WARN_CONSTANT_CONVERSION = YES;
				CLANG_WARN_DIRECT_OBJC_ISA_USAGE = YES_ERROR;
				CLANG_WARN_EMPTY_BODY = YES;
				CLANG_WARN_ENUM_CONVERSION = YES;
				CLANG_WARN_INT_CONVERSION = YES;
				CLANG_WARN_OBJC_ROOT_CLASS = YES_ERROR;
				CLANG_WARN_UNREACHABLE_CODE = YES;
				CLANG_WARN__DUPLICATE_METHOD_MATCH = YES;
				"CODE_SIGN_IDENTITY[sdk=iphoneos*]" = "iPhone Developer";
				COPY_PHASE_STRIP = YES;
				ENABLE_NS_ASSERTIONS = NO;
				ENABLE_STRICT_OBJC_MSGSEND = YES;
				GCC_C_LANGUAGE_STANDARD = gnu99;
				GCC_WARN_64_TO_32_BIT_CONVERSION = YES;
				GCC_WARN_ABOUT_RETURN_TYPE = YES_ERROR;
				GCC_WARN_UNDECLARED_SELECTOR = YES;
				GCC_WARN_UNINITIALIZED_AUTOS = YES_AGGRESSIVE;
				GCC_WARN_UNUSED_FUNCTION = YES;
				GCC_WARN_UNUSED_VARIABLE = YES;
				IPHONEOS_DEPLOYMENT_TARGET = 8.1;
				MTL_ENABLE_DEBUG_INFO = NO;
				SDKROOT = iphoneos;
				TARGETED_DEVICE_FAMILY = "1,2";
				VALIDATE_PRODUCT = YES;
			};
			name = Release;
		};
		63A501B21AAD5BEA009BD989 /* Debug */ = {
			isa = XCBuildConfiguration;
			buildSettings = {
				ASSETCATALOG_COMPILER_APPICON_NAME = AppIcon;
				INFOPLIST_FILE = RIME/Info.plist;
				LD_RUNPATH_SEARCH_PATHS = "$(inherited) @executable_path/Frameworks";
				PRODUCT_NAME = "$(TARGET_NAME)";
			};
			name = Debug;
		};
		63A501B31AAD5BEA009BD989 /* Release */ = {
			isa = XCBuildConfiguration;
			buildSettings = {
				ASSETCATALOG_COMPILER_APPICON_NAME = AppIcon;
				INFOPLIST_FILE = RIME/Info.plist;
				LD_RUNPATH_SEARCH_PATHS = "$(inherited) @executable_path/Frameworks";
				PRODUCT_NAME = "$(TARGET_NAME)";
			};
			name = Release;
		};
		63A501B51AAD5BEA009BD989 /* Debug */ = {
			isa = XCBuildConfiguration;
			buildSettings = {
				BUNDLE_LOADER = "$(TEST_HOST)";
				FRAMEWORK_SEARCH_PATHS = (
					"$(SDKROOT)/Developer/Library/Frameworks",
					"$(inherited)",
				);
				GCC_PREPROCESSOR_DEFINITIONS = (
					"DEBUG=1",
					"$(inherited)",
				);
				INFOPLIST_FILE = RIMETests/Info.plist;
				LD_RUNPATH_SEARCH_PATHS = "$(inherited) @executable_path/Frameworks @loader_path/Frameworks";
				PRODUCT_NAME = "$(TARGET_NAME)";
				TEST_HOST = "$(BUILT_PRODUCTS_DIR)/RIME.app/RIME";
			};
			name = Debug;
		};
		63A501B61AAD5BEA009BD989 /* Release */ = {
			isa = XCBuildConfiguration;
			buildSettings = {
				BUNDLE_LOADER = "$(TEST_HOST)";
				FRAMEWORK_SEARCH_PATHS = (
					"$(SDKROOT)/Developer/Library/Frameworks",
					"$(inherited)",
				);
				INFOPLIST_FILE = RIMETests/Info.plist;
				LD_RUNPATH_SEARCH_PATHS = "$(inherited) @executable_path/Frameworks @loader_path/Frameworks";
				PRODUCT_NAME = "$(TARGET_NAME)";
				TEST_HOST = "$(BUILT_PRODUCTS_DIR)/RIME.app/RIME";
			};
			name = Release;
		};
/* End XCBuildConfiguration section */

/* Begin XCConfigurationList section */
		63A501891AAD5BEA009BD989 /* Build configuration list for PBXProject "RIME" */ = {
			isa = XCConfigurationList;
			buildConfigurations = (
				63A501AF1AAD5BEA009BD989 /* Debug */,
				63A501B01AAD5BEA009BD989 /* Release */,
			);
			defaultConfigurationIsVisible = 0;
			defaultConfigurationName = Release;
		};
		63A501B11AAD5BEA009BD989 /* Build configuration list for PBXNativeTarget "RIME" */ = {
			isa = XCConfigurationList;
			buildConfigurations = (
				63A501B21AAD5BEA009BD989 /* Debug */,
				63A501B31AAD5BEA009BD989 /* Release */,
			);
			defaultConfigurationIsVisible = 0;
		};
		63A501B41AAD5BEA009BD989 /* Build configuration list for PBXNativeTarget "RIMETests" */ = {
			isa = XCConfigurationList;
			buildConfigurations = (
				63A501B51AAD5BEA009BD989 /* Debug */,
				63A501B61AAD5BEA009BD989 /* Release */,
			);
			defaultConfigurationIsVisible = 0;
		};
/* End XCConfigurationList section */
	};
	rootObject = 63A501861AAD5BEA009BD989 /* Project object */;
}
